Microsoft Visual Studio Solution File, Format Version 9.00
# Visual Studio 2005
Project("{FAE04EC0-301F-11D3-BF4B-00C04F79EFBC}") = "ClickTrick", "WebSite\ClickTrick.csproj", "{5A27AE76-E517-4751-868D-FFBC30A83E2B}"
	ProjectSection(WebsiteProperties) = preProject
		Debug.AspNetCompiler.Debug = "True"
		Release.AspNetCompiler.Debug = "False"
	EndProjectSection
EndProject
Global
	GlobalSection(SolutionConfigurationPlatforms) = preSolution
		Debug|Any CPU = Debug|Any CPU
		Release|Any CPU = Release|Any CPU
	EndGlobalSection
	GlobalSection(ProjectConfigurationPlatforms) = postSolution
		{5A27AE76-E517-4751-868D-FFBC30A83E2B}.Debug|Any CPU.ActiveCfg = Debug|Any CPU
		{5A27AE76-E517-4751-868D-FFBC30A83E2B}.Debug|Any CPU.Build.0 = Debug|Any CPU
		{5A27AE76-E517-4751-868D-FFBC30A83E2B}.Release|Any CPU.ActiveCfg = Release|Any CPU
		{5A27AE76-E517-4751-868D-FFBC30A83E2B}.Release|Any CPU.Build.0 = Release|Any CPU
	EndGlobalSection
	GlobalSection(SolutionProperties) = preSolution
		HideSolutionNode = FALSE
	EndGlobalSection
EndGlobal
